
Microsoft Visual Studio Solution File, Format Version 12.00
# Visual Studio Version 17
VisualStudioVersion = 17.9.34728.123
MinimumVisualStudioVersion = 10.0.40219.1
Project("{8BC9CEB8-8B4A-11D0-8D11-00A0C91BC942}") = "Alrorythms and data structure 2", "Alrorythms and data structure 2.vcxproj", "{C834F473-A942-4600-A79A-73B3189E3C16}"
EndProject
Global
	GlobalSection(SolutionConfigurationPlatforms) = preSolution
		Debug|x64 = Debug|x64
		Debug|x86 = Debug|x86
		Release|x64 = Release|x64
		Release|x86 = Release|x86
	EndGlobalSection
	GlobalSection(ProjectConfigurationPlatforms) = postSolution
		{C834F473-A942-4600-A79A-73B3189E3C16}.Debug|x64.ActiveCfg = Debug|x64
		{C834F473-A942-4600-A79A-73B3189E3C16}.Debug|x64.Build.0 = Debug|x64
		{C834F473-A942-4600-A79A-73B3189E3C16}.Debug|x86.ActiveCfg = Debug|Win32
		{C834F473-A942-4600-A79A-73B3189E3C16}.Debug|x86.Build.0 = Debug|Win32
		{C834F473-A942-4600-A79A-73B3189E3C16}.Release|x64.ActiveCfg = Release|x64
		{C834F473-A942-4600-A79A-73B3189E3C16}.Release|x64.Build.0 = Release|x64
		{C834F473-A942-4600-A79A-73B3189E3C16}.Release|x86.ActiveCfg = Release|Win32
		{C834F473-A942-4600-A79A-73B3189E3C16}.Release|x86.Build.0 = Release|Win32
	EndGlobalSection
	GlobalSection(SolutionProperties) = preSolution
		HideSolutionNode = FALSE
	EndGlobalSection
	GlobalSection(ExtensibilityGlobals) = postSolution
		SolutionGuid = {B6D5C91B-5FBB-4EB9-B9EA-D2F702A5C9A5}
	EndGlobalSection
EndGlobal
